PODS:
  - Flutter (1.0.0)
  - flutter_native_image (0.0.1):
    - Flutter
  - image_picker (0.0.1):
    - Flutter

DEPENDENCIES:
  - Flutter (from `.symlinks/flutter/ios`)
  - flutter_native_image (from `.symlinks/plugins/flutter_native_image/ios`)
  - image_picker (from `.symlinks/plugins/image_picker/ios`)

EXTERNAL SOURCES:
  Flutter:
    :path: ".symlinks/flutter/ios"
  flutter_native_image:
    :path: ".symlinks/plugins/flutter_native_image/ios"
  image_picker:
    :path: ".symlinks/plugins/image_picker/ios"

SPEC CHECKSUMS:
  Flutter: 9d0fac939486c9aba2809b7982dfdbb47a7b0296
  flutter_native_image: 3d9f735f47bf8af7dea28056bf90c03ad4ce531b
  image_picker: 86b84c4fe89267356a1f17297a45b5d317ebd2e7

PODFILE CHECKSUM: ebd43b443038e611b86ede96e613bd6033c49497

COCOAPODS: 1.5.3
